
Microsoft Visual Studio Solution File, Format Version 12.00
# Visual Studio Version 17
VisualStudioVersion = 17.0.32014.148
MinimumVisualStudioVersion = 10.0.40219.1
Project("{FAE04EC0-301F-11D3-BF4B-00C04F79EFBC}") = "Sunnet_NBFC", "Sunnet_NBFC\Sunnet_NBFC.csproj", "{5640264E-AF42-4B1B-8713-8C3D01F53DF4}"
EndProject
Global
	GlobalSection(SolutionConfigurationPlatforms) = preSolution
		Debug|Any CPU = Debug|Any CPU
		Release|Any CPU = Release|Any CPU
	EndGlobalSection
	GlobalSection(ProjectConfigurationPlatforms) = postSolution
		{5640264E-AF42-4B1B-8713-8C3D01F53DF4}.Debug|Any CPU.ActiveCfg = Debug|Any CPU
		{5640264E-AF42-4B1B-8713-8C3D01F53DF4}.Debug|Any CPU.Build.0 = Debug|Any CPU
		{5640264E-AF42-4B1B-8713-8C3D01F53DF4}.Release|Any CPU.ActiveCfg = Release|Any CPU
		{5640264E-AF42-4B1B-8713-8C3D01F53DF4}.Release|Any CPU.Build.0 = Release|Any CPU
	EndGlobalSection
	GlobalSection(SolutionProperties) = preSolution
		HideSolutionNode = FALSE
	EndGlobalSection
	GlobalSection(ExtensibilityGlobals) = postSolution
		SolutionGuid = {7D0EC2CA-50BF-46E8-86B0-9808CF0C3B55}
	EndGlobalSection
EndGlobal
